
Microsoft Visual Studio Solution File, Format Version 12.00
# Visual Studio Version 16
VisualStudioVersion = 16.0.30413.136
MinimumVisualStudioVersion = 10.0.40219.1
Project("{2150E333-8FDC-42A3-9474-1A3956D46DE8}") = "echo", "echo", "{3B30708E-9DDD-4F36-A937-C6508340E2D4}"
EndProject
Project("{9A19103F-16F7-4668-BE54-9A1E7A4F7556}") = "WorkerService", "WorkerService\WorkerService.csproj", "{98A16172-BF07-4CE6-8620-50F8B79D7669}"
EndProject
Project("{9A19103F-16F7-4668-BE54-9A1E7A4F7556}") = "Echo.Common", "Echo.Common\Echo.Common.csproj", "{53E3D99B-8DD5-4738-BFF1-7A481A2F380F}"
EndProject
Project("{9A19103F-16F7-4668-BE54-9A1E7A4F7556}") = "Pulsar", "Pulsar\Pulsar.csproj", "{0AAFC1C1-A451-41F8-B1EC-3D37B50C00EE}"
EndProject
Global
	GlobalSection(SolutionConfigurationPlatforms) = preSolution
		Debug|Any CPU = Debug|Any CPU
		Release|Any CPU = Release|Any CPU
	EndGlobalSection
	GlobalSection(ProjectConfigurationPlatforms) = postSolution
		{98A16172-BF07-4CE6-8620-50F8B79D7669}.Debug|Any CPU.ActiveCfg = Debug|Any CPU
		{98A16172-BF07-4CE6-8620-50F8B79D7669}.Debug|Any CPU.Build.0 = Debug|Any CPU
		{98A16172-BF07-4CE6-8620-50F8B79D7669}.Release|Any CPU.ActiveCfg = Release|Any CPU
		{98A16172-BF07-4CE6-8620-50F8B79D7669}.Release|Any CPU.Build.0 = Release|Any CPU
		{53E3D99B-8DD5-4738-BFF1-7A481A2F380F}.Debug|Any CPU.ActiveCfg = Debug|Any CPU
		{53E3D99B-8DD5-4738-BFF1-7A481A2F380F}.Debug|Any CPU.Build.0 = Debug|Any CPU
		{53E3D99B-8DD5-4738-BFF1-7A481A2F380F}.Release|Any CPU.ActiveCfg = Release|Any CPU
		{53E3D99B-8DD5-4738-BFF1-7A481A2F380F}.Release|Any CPU.Build.0 = Release|Any CPU
		{0AAFC1C1-A451-41F8-B1EC-3D37B50C00EE}.Debug|Any CPU.ActiveCfg = Debug|Any CPU
		{0AAFC1C1-A451-41F8-B1EC-3D37B50C00EE}.Debug|Any CPU.Build.0 = Debug|Any CPU
		{0AAFC1C1-A451-41F8-B1EC-3D37B50C00EE}.Release|Any CPU.ActiveCfg = Release|Any CPU
		{0AAFC1C1-A451-41F8-B1EC-3D37B50C00EE}.Release|Any CPU.Build.0 = Release|Any CPU
	EndGlobalSection
	GlobalSection(SolutionProperties) = preSolution
		HideSolutionNode = FALSE
	EndGlobalSection
	GlobalSection(NestedProjects) = preSolution
		{98A16172-BF07-4CE6-8620-50F8B79D7669} = {3B30708E-9DDD-4F36-A937-C6508340E2D4}
		{53E3D99B-8DD5-4738-BFF1-7A481A2F380F} = {3B30708E-9DDD-4F36-A937-C6508340E2D4}
		{0AAFC1C1-A451-41F8-B1EC-3D37B50C00EE} = {3B30708E-9DDD-4F36-A937-C6508340E2D4}
	EndGlobalSection
	GlobalSection(ExtensibilityGlobals) = postSolution
		SolutionGuid = {1D787EAA-BF20-42FB-A8F6-54EBA1DD9376}
	EndGlobalSection
EndGlobal
